{
  "name": "native-gradle-node-project",
  "version": "0.0.1",
  "lockfileVersion": 1,
  "requires": true,
  "dependencies": {
    "iota-identity-wasm-test": {
      "version": "0.0.13",
      "resolved": "https://registry.npmjs.org/iota-identity-wasm-test/-/iota-identity-wasm-test-0.0.13.tgz",
      "integrity": "sha512-8yklll+SQZn7xp1MacOsBRed5bikIshMZszbrhSAtJ2K1oO9cP588ojUHEsx8tfGNcJEJXq7PAh6JLwqcEvKgw==",
      "requires": {
        "node-fetch": "^2.6.0"
      }
    },
    "left-pad": {
      "version": "1.3.0",
      "resolved": "https://registry.npmjs.org/left-pad/-/left-pad-1.3.0.tgz",
      "integrity": "sha512-XI5MPzVNApjAyhQzphX8BkmKsKUxD4LdyK24iZeQGinBN9yTQT3bFlCBy/aVx2HrNcqQGsdot8ghrjyrvMCoEA=="
    },
    "node-fetch": {
      "version": "2.6.1",
      "resolved": "https://registry.npmjs.org/node-fetch/-/node-fetch-2.6.1.tgz",
      "integrity": "sha512-V4aYg89jEoVRxRb2fJdAg8FHvI7cEyYdVAh94HH0UIK8oJxUfkjlDQN9RbMx+bEjP7+ggMiFRprSti032Oipxw=="
    },
    "text-encoder": {
      "version": "0.0.4",
      "resolved": "https://registry.npmjs.org/text-encoder/-/text-encoder-0.0.4.tgz",
      "integrity": "sha512-12gllbNnC0Zdh9r+LCpEwpUdvncaE9hfUmCVm2ryCH1LEVUZbS6NdRq8omEgJI0zKgaGFTjwQVHbglGDCIbmNA=="
    }
  }
}
